<?xml version="1.0" encoding="utf-8"?>
<Project ToolsVersion="4.0" xmlns="http://schemas.microsoft.com/developer/msbuild/2003">
  <ItemGroup>
    <Filter Include="Codigo fuente">
      <UniqueIdentifier>{95844fb0-9152-4c61-9566-0e1f85dfac57}</UniqueIdentifier>
    </Filter>
  </ItemGroup>
  <ItemGroup>
    <ClCompile Include="..\src\Source.cpp">
      <Filter>Codigo fuente</Filter>
    </ClCompile>
  </ItemGroup>
</Project>